// !$*UTF8*$!
{
	archiveVersion = 1;
	classes = {
	};
	objectVersion = 46;
	objects = {

/* Begin PBXBuildFile section */
		187BB77B1B4D56C800202B19 /* AutoScrollView.m in Sources */ = {isa = PBXBuildFile; fileRef = 187BB77A1B4D56C800202B19 /* AutoScrollView.m */; };
		187BB7821B4D56EA00202B19 /* SetTitleTableViewCell.m in Sources */ = {isa = PBXBuildFile; fileRef = 187BB77D1B4D56EA00202B19 /* SetTitleTableViewCell.m */; };
		187BB7831B4D56EA00202B19 /* SetTitleTableViewCell.xib in Resources */ = {isa = PBXBuildFile; fileRef = 187BB77E1B4D56EA00202B19 /* SetTitleTableViewCell.xib */; };
		187BB7841B4D56EA00202B19 /* SetUpTableViewCell.m in Sources */ = {isa = PBXBuildFile; fileRef = 187BB7801B4D56EA00202B19 /* SetUpTableViewCell.m */; };
		187BB7851B4D56EA00202B19 /* SetUpTableViewCell.xib in Resources */ = {isa = PBXBuildFile; fileRef = 187BB7811B4D56EA00202B19 /* SetUpTableViewCell.xib */; };
		187BB79D1B4D571C00202B19 /* ForgetPWViewController.m in Sources */ = {isa = PBXBuildFile; fileRef = 187BB7881B4D571C00202B19 /* ForgetPWViewController.m */; };
		187BB79E1B4D571C00202B19 /* ForgetPWViewController.xib in Resources */ = {isa = PBXBuildFile; fileRef = 187BB7891B4D571C00202B19 /* ForgetPWViewController.xib */; };
		187BB79F1B4D571C00202B19 /* LoginViewController.m in Sources */ = {isa = PBXBuildFile; fileRef = 187BB78B1B4D571C00202B19 /* LoginViewController.m */; };
		187BB7A01B4D571C00202B19 /* LoginViewController.xib in Resources */ = {isa = PBXBuildFile; fileRef = 187BB78C1B4D571C00202B19 /* LoginViewController.xib */; };
		187BB7A11B4D571C00202B19 /* ProvisionViewController.m in Sources */ = {isa = PBXBuildFile; fileRef = 187BB78E1B4D571C00202B19 /* ProvisionViewController.m */; };
		187BB7A21B4D571C00202B19 /* ProvisionViewController.xib in Resources */ = {isa = PBXBuildFile; fileRef = 187BB78F1B4D571C00202B19 /* ProvisionViewController.xib */; };
		187BB7A31B4D571C00202B19 /* RegisterViewController.m in Sources */ = {isa = PBXBuildFile; fileRef = 187BB7911B4D571C00202B19 /* RegisterViewController.m */; };
		187BB7A41B4D571C00202B19 /* RegisterViewController.xib in Resources */ = {isa = PBXBuildFile; fileRef = 187BB7921B4D571C00202B19 /* RegisterViewController.xib */; };
		187BB7A51B4D571C00202B19 /* serviceTerm.html in Resources */ = {isa = PBXBuildFile; fileRef = 187BB7931B4D571C00202B19 /* serviceTerm.html */; };
		187BB7AA1B4D571C00202B19 /* SetViewController.m in Sources */ = {isa = PBXBuildFile; fileRef = 187BB79B1B4D571C00202B19 /* SetViewController.m */; };
		187BB7AB1B4D571C00202B19 /* SetViewController.xib in Resources */ = {isa = PBXBuildFile; fileRef = 187BB79C1B4D571C00202B19 /* SetViewController.xib */; };
		19054FC71B4A08DC002DDC21 /* HomeViewController.m in Sources */ = {isa = PBXBuildFile; fileRef = 19054FC51B4A08DC002DDC21 /* HomeViewController.m */; };
		19054FC81B4A08DC002DDC21 /* HomeViewController.xib in Resources */ = {isa = PBXBuildFile; fileRef = 19054FC61B4A08DC002DDC21 /* HomeViewController.xib */; };
		1918DE551B4989DF00BBEB41 /* RefreshLocation.m in Sources */ = {isa = PBXBuildFile; fileRef = 1918DE521B4989DF00BBEB41 /* RefreshLocation.m */; };
		192768DA1B48442F00B86141 /* main.m in Sources */ = {isa = PBXBuildFile; fileRef = 192768D91B48442F00B86141 /* main.m */; };
		192768DD1B48442F00B86141 /* AppDelegate.m in Sources */ = {isa = PBXBuildFile; fileRef = 192768DC1B48442F00B86141 /* AppDelegate.m */; };
		192768E81B48442F00B86141 /* LaunchScreen.xib in Resources */ = {isa = PBXBuildFile; fileRef = 192768E61B48442F00B86141 /* LaunchScreen.xib */; };
		192768F41B48442F00B86141 /* CZCTests.m in Sources */ = {isa = PBXBuildFile; fileRef = 192768F31B48442F00B86141 /* CZCTests.m */; };
		196044371B4B788400989481 /* HomeViewCell.m in Sources */ = {isa = PBXBuildFile; fileRef = 196044351B4B788400989481 /* HomeViewCell.m */; };
		196044381B4B788400989481 /* HomeViewCell.xib in Resources */ = {isa = PBXBuildFile; fileRef = 196044361B4B788400989481 /* HomeViewCell.xib */; };
		1982F0741B4D8B8D00DB8661 /* WGS84TOGCJ02.m in Sources */ = {isa = PBXBuildFile; fileRef = 1918DE541B4989DF00BBEB41 /* WGS84TOGCJ02.m */; };
		1982F0751B4D8B8D00DB8661 /* AdScrollView.m in Sources */ = {isa = PBXBuildFile; fileRef = 198E60841B4AA8F600FBC7E8 /* AdScrollView.m */; };
		1982F0761B4D8B8D00DB8661 /* MainViewController.m in Sources */ = {isa = PBXBuildFile; fileRef = 1918DE6D1B49967600BBEB41 /* MainViewController.m */; };
		1982F07A1B4DFB3700DB8661 /* HundredYuanCell.m in Sources */ = {isa = PBXBuildFile; fileRef = 1982F0781B4DFB3700DB8661 /* HundredYuanCell.m */; };
		1982F07B1B4DFB3700DB8661 /* HundredYuanCell.xib in Resources */ = {isa = PBXBuildFile; fileRef = 1982F0791B4DFB3700DB8661 /* HundredYuanCell.xib */; };
		1982F07E1B4E739000DB8661 /* HomeViewButton.m in Sources */ = {isa = PBXBuildFile; fileRef = 1982F07D1B4E739000DB8661 /* HomeViewButton.m */; };
		1982F0821B4EC8AA00DB8661 /* citydict.plist in Resources */ = {isa = PBXBuildFile; fileRef = 1982F07F1B4EC8AA00DB8661 /* citydict.plist */; };
		1982F0861B4EC91700DB8661 /* CityListViewController.m in Sources */ = {isa = PBXBuildFile; fileRef = 1982F0851B4EC91700DB8661 /* CityListViewController.m */; };
		1982F0901B4EC9D900DB8661 /* CityListViewController.xib in Resources */ = {isa = PBXBuildFile; fileRef = 1982F08E1B4EC9D900DB8661 /* CityListViewController.xib */; };
		1982F0991B4F4D6900DB8661 /* ChooseCityHeadView.xib in Resources */ = {isa = PBXBuildFile; fileRef = 1982F0981B4F4D6900DB8661 /* ChooseCityHeadView.xib */; };
		1982F09C1B4F4DC900DB8661 /* ChooseCityHeadView.m in Sources */ = {isa = PBXBuildFile; fileRef = 1982F09B1B4F4DC900DB8661 /* ChooseCityHeadView.m */; };
		198E606F1B4A6FFA00FBC7E8 /* SearchViewController.m in Sources */ = {isa = PBXBuildFile; fileRef = 198E606D1B4A6FFA00FBC7E8 /* SearchViewController.m */; };
		198E60701B4A6FFA00FBC7E8 /* SearchViewController.xib in Resources */ = {isa = PBXBuildFile; fileRef = 198E606E1B4A6FFA00FBC7E8 /* SearchViewController.xib */; };
		19AC52381B497D5900F81759 /* CZCAPIService.m in Sources */ = {isa = PBXBuildFile; fileRef = 19AC52371B497D5900F81759 /* CZCAPIService.m */; };
		19BB14B91B4CF693000445D2 /* SvGridView.m in Sources */ = {isa = PBXBuildFile; fileRef = 19BB14B81B4CF693000445D2 /* SvGridView.m */; };
		19C8E5601B4D1B17007F6C5A /* PublicObject.m in Sources */ = {isa = PBXBuildFile; fileRef = 19C8E55F1B4D1B17007F6C5A /* PublicObject.m */; };
		19D587BE1B48D63100D65B43 /* Images.xcassets in Resources */ = {isa = PBXBuildFile; fileRef = 19D587BD1B48D63100D65B43 /* Images.xcassets */; };
		5020FA559EC64E728853C5AE /* libPods.a in Frameworks */ = {isa = PBXBuildFile; fileRef = A72C08894D95434494E8BD85 /* libPods.a */; };
/* End PBXBuildFile section */

/* Begin PBXContainerItemProxy section */
		192768EE1B48442F00B86141 /* PBXContainerItemProxy */ = {
			isa = PBXContainerItemProxy;
			containerPortal = 192768CC1B48442F00B86141 /* Project object */;
			proxyType = 1;
			remoteGlobalIDString = 192768D31B48442F00B86141;
			remoteInfo = CZC;
		};
/* End PBXContainerItemProxy section */

/* Begin PBXFileReference section */
		187BB7791B4D56C800202B19 /* AutoScrollView.h */ = {isa = PBXFileReference; fileEncoding = 4; lastKnownFileType = sourcecode.c.h; path = AutoScrollView.h; sourceTree = "<group>"; };
		187BB77A1B4D56C800202B19 /* AutoScrollView.m */ = {isa = PBXFileReference; fileEncoding = 4; lastKnownFileType = sourcecode.c.objc; path = AutoScrollView.m; sourceTree = "<group>"; };
		187BB77C1B4D56EA00202B19 /* SetTitleTableViewCell.h */ = {isa = PBXFileReference; fileEncoding = 4; lastKnownFileType = sourcecode.c.h; path = SetTitleTableViewCell.h; sourceTree = "<group>"; };
		187BB77D1B4D56EA00202B19 /* SetTitleTableViewCell.m */ = {isa = PBXFileReference; fileEncoding = 4; lastKnownFileType = sourcecode.c.objc; path = SetTitleTableViewCell.m; sourceTree = "<group>"; };
		187BB77E1B4D56EA00202B19 /* SetTitleTableViewCell.xib */ = {isa = PBXFileReference; fileEncoding = 4; lastKnownFileType = file.xib; path = SetTitleTableViewCell.xib; sourceTree = "<group>"; };
		187BB77F1B4D56EA00202B19 /* SetUpTableViewCell.h */ = {isa = PBXFileReference; fileEncoding = 4; lastKnownFileType = sourcecode.c.h; path = SetUpTableViewCell.h; sourceTree = "<group>"; };
		187BB7801B4D56EA00202B19 /* SetUpTableViewCell.m */ = {isa = PBXFileReference; fileEncoding = 4; lastKnownFileType = sourcecode.c.objc; path = SetUpTableViewCell.m; sourceTree = "<group>"; };
		187BB7811B4D56EA00202B19 /* SetUpTableViewCell.xib */ = {isa = PBXFileReference; fileEncoding = 4; lastKnownFileType = file.xib; path = SetUpTableViewCell.xib; sourceTree = "<group>"; };
		187BB7871B4D571C00202B19 /* ForgetPWViewController.h */ = {isa = PBXFileReference; fileEncoding = 4; lastKnownFileType = sourcecode.c.h; path = ForgetPWViewController.h; sourceTree = "<group>"; };
		187BB7881B4D571C00202B19 /* ForgetPWViewController.m */ = {isa = PBXFileReference; fileEncoding = 4; lastKnownFileType = sourcecode.c.objc; path = ForgetPWViewController.m; sourceTree = "<group>"; };
		187BB7891B4D571C00202B19 /* ForgetPWViewController.xib */ = {isa = PBXFileReference; fileEncoding = 4; lastKnownFileType = file.xib; path = ForgetPWViewController.xib; sourceTree = "<group>"; };
		187BB78A1B4D571C00202B19 /* LoginViewController.h */ = {isa = PBXFileReference; fileEncoding = 4; lastKnownFileType = sourcecode.c.h; path = LoginViewController.h; sourceTree = "<group>"; };
		187BB78B1B4D571C00202B19 /* LoginViewController.m */ = {isa = PBXFileReference; fileEncoding = 4; lastKnownFileType = sourcecode.c.objc; path = LoginViewController.m; sourceTree = "<group>"; };
		187BB78C1B4D571C00202B19 /* LoginViewController.xib */ = {isa = PBXFileReference; fileEncoding = 4; lastKnownFileType = file.xib; path = LoginViewController.xib; sourceTree = "<group>"; };
		187BB78D1B4D571C00202B19 /* ProvisionViewController.h */ = {isa = PBXFileReference; fileEncoding = 4; lastKnownFileType = sourcecode.c.h; path = ProvisionViewController.h; sourceTree = "<group>"; };
		187BB78E1B4D571C00202B19 /* ProvisionViewController.m */ = {isa = PBXFileReference; fileEncoding = 4; lastKnownFileType = sourcecode.c.objc; path = ProvisionViewController.m; sourceTree = "<group>"; };
		187BB78F1B4D571C00202B19 /* ProvisionViewController.xib */ = {isa = PBXFileReference; fileEncoding = 4; lastKnownFileType = file.xib; path = ProvisionViewController.xib; sourceTree = "<group>"; };
		187BB7901B4D571C00202B19 /* RegisterViewController.h */ = {isa = PBXFileReference; fileEncoding = 4; lastKnownFileType = sourcecode.c.h; path = RegisterViewController.h; sourceTree = "<group>"; };
		187BB7911B4D571C00202B19 /* RegisterViewController.m */ = {isa = PBXFileReference; fileEncoding = 4; lastKnownFileType = sourcecode.c.objc; path = RegisterViewController.m; sourceTree = "<group>"; };
		187BB7921B4D571C00202B19 /* RegisterViewController.xib */ = {isa = PBXFileReference; fileEncoding = 4; lastKnownFileType = file.xib; path = RegisterViewController.xib; sourceTree = "<group>"; };
		187BB7931B4D571C00202B19 /* serviceTerm.html */ = {isa = PBXFileReference; fileEncoding = 4; lastKnownFileType = text.html; path = serviceTerm.html; sourceTree = "<group>"; };
		187BB79A1B4D571C00202B19 /* SetViewController.h */ = {isa = PBXFileReference; fileEncoding = 4; lastKnownFileType = sourcecode.c.h; path = SetViewController.h; sourceTree = "<group>"; };
		187BB79B1B4D571C00202B19 /* SetViewController.m */ = {isa = PBXFileReference; fileEncoding = 4; lastKnownFileType = sourcecode.c.objc; path = SetViewController.m; sourceTree = "<group>"; };
		187BB79C1B4D571C00202B19 /* SetViewController.xib */ = {isa = PBXFileReference; fileEncoding = 4; lastKnownFileType = file.xib; path = SetViewController.xib; sourceTree = "<group>"; };
		19054FC41B4A08DC002DDC21 /* HomeViewController.h */ = {isa = PBXFileReference; fileEncoding = 4; lastKnownFileType = sourcecode.c.h; name = HomeViewController.h; path = Home/HomeViewController.h; sourceTree = "<group>"; };
		19054FC51B4A08DC002DDC21 /* HomeViewController.m */ = {isa = PBXFileReference; fileEncoding = 4; lastKnownFileType = sourcecode.c.objc; name = HomeViewController.m; path = Home/HomeViewController.m; sourceTree = "<group>"; };
		19054FC61B4A08DC002DDC21 /* HomeViewController.xib */ = {isa = PBXFileReference; fileEncoding = 4; lastKnownFileType = file.xib; name = HomeViewController.xib; path = Home/HomeViewController.xib; sourceTree = "<group>"; };
		1918DE511B4989DF00BBEB41 /* RefreshLocation.h */ = {isa = PBXFileReference; fileEncoding = 4; lastKnownFileType = sourcecode.c.h; name = RefreshLocation.h; path = Public/RefreshLocation.h; sourceTree = "<group>"; };
		1918DE521B4989DF00BBEB41 /* RefreshLocation.m */ = {isa = PBXFileReference; fileEncoding = 4; lastKnownFileType = sourcecode.c.objc; name = RefreshLocation.m; path = Public/RefreshLocation.m; sourceTree = "<group>"; };
		1918DE531B4989DF00BBEB41 /* WGS84TOGCJ02.h */ = {isa = PBXFileReference; fileEncoding = 4; lastKnownFileType = sourcecode.c.h; name = WGS84TOGCJ02.h; path = Public/WGS84TOGCJ02.h; sourceTree = "<group>"; };
		1918DE541B4989DF00BBEB41 /* WGS84TOGCJ02.m */ = {isa = PBXFileReference; fileEncoding = 4; lastKnownFileType = sourcecode.c.objc; name = WGS84TOGCJ02.m; path = Public/WGS84TOGCJ02.m; sourceTree = "<group>"; };
		1918DE6C1B49967600BBEB41 /* MainViewController.h */ = {isa = PBXFileReference; fileEncoding = 4; lastKnownFileType = sourcecode.c.h; name = MainViewController.h; path = Main/MainViewController.h; sourceTree = "<group>"; };
		1918DE6D1B49967600BBEB41 /* MainViewController.m */ = {isa = PBXFileReference; fileEncoding = 4; lastKnownFileType = sourcecode.c.objc; name = MainViewController.m; path = Main/MainViewController.m; sourceTree = "<group>"; };
		192768D41B48442F00B86141 /* CZC.app */ = {isa = PBXFileReference; explicitFileType = wrapper.application; includeInIndex = 0; path = CZC.app; sourceTree = BUILT_PRODUCTS_DIR; };
		192768D81B48442F00B86141 /* Info.plist */ = {isa = PBXFileReference; lastKnownFileType = text.plist.xml; path = Info.plist; sourceTree = "<group>"; };
		192768D91B48442F00B86141 /* main.m */ = {isa = PBXFileReference; lastKnownFileType = sourcecode.c.objc; path = main.m; sourceTree = "<group>"; };
		192768DB1B48442F00B86141 /* AppDelegate.h */ = {isa = PBXFileReference; lastKnownFileType = sourcecode.c.h; path = AppDelegate.h; sourceTree = "<group>"; };
		192768DC1B48442F00B86141 /* AppDelegate.m */ = {isa = PBXFileReference; lastKnownFileType = sourcecode.c.objc; path = AppDelegate.m; sourceTree = "<group>"; };
		192768E71B48442F00B86141 /* Base */ = {isa = PBXFileReference; lastKnownFileType = file.xib; name = Base; path = Base.lproj/LaunchScreen.xib; sourceTree = "<group>"; };
		192768ED1B48442F00B86141 /* CZCTests.xctest */ = {isa = PBXFileReference; explicitFileType = wrapper.cfbundle; includeInIndex = 0; path = CZCTests.xctest; sourceTree = BUILT_PRODUCTS_DIR; };
		192768F21B48442F00B86141 /* Info.plist */ = {isa = PBXFileReference; lastKnownFileType = text.plist.xml; path = Info.plist; sourceTree = "<group>"; };
		192768F31B48442F00B86141 /* CZCTests.m */ = {isa = PBXFileReference; lastKnownFileType = sourcecode.c.objc; path = CZCTests.m; sourceTree = "<group>"; };
		196044341B4B788400989481 /* HomeViewCell.h */ = {isa = PBXFileReference; fileEncoding = 4; lastKnownFileType = sourcecode.c.h; path = HomeViewCell.h; sourceTree = "<group>"; };
		196044351B4B788400989481 /* HomeViewCell.m */ = {isa = PBXFileReference; fileEncoding = 4; lastKnownFileType = sourcecode.c.objc; path = HomeViewCell.m; sourceTree = "<group>"; };
		196044361B4B788400989481 /* HomeViewCell.xib */ = {isa = PBXFileReference; fileEncoding = 4; lastKnownFileType = file.xib; path = HomeViewCell.xib; sourceTree = "<group>"; };
		1982F0771B4DFB3700DB8661 /* HundredYuanCell.h */ = {isa = PBXFileReference; fileEncoding = 4; lastKnownFileType = sourcecode.c.h; path = HundredYuanCell.h; sourceTree = "<group>"; };
		1982F0781B4DFB3700DB8661 /* HundredYuanCell.m */ = {isa = PBXFileReference; fileEncoding = 4; lastKnownFileType = sourcecode.c.objc; path = HundredYuanCell.m; sourceTree = "<group>"; };
		1982F0791B4DFB3700DB8661 /* HundredYuanCell.xib */ = {isa = PBXFileReference; fileEncoding = 4; lastKnownFileType = file.xib; path = HundredYuanCell.xib; sourceTree = "<group>"; };
		1982F07C1B4E739000DB8661 /* HomeViewButton.h */ = {isa = PBXFileReference; fileEncoding = 4; lastKnownFileType = sourcecode.c.h; path = HomeViewButton.h; sourceTree = "<group>"; };
		1982F07D1B4E739000DB8661 /* HomeViewButton.m */ = {isa = PBXFileReference; fileEncoding = 4; lastKnownFileType = sourcecode.c.objc; path = HomeViewButton.m; sourceTree = "<group>"; };
		1982F07F1B4EC8AA00DB8661 /* citydict.plist */ = {isa = PBXFileReference; fileEncoding = 4; lastKnownFileType = text.plist.xml; path = citydict.plist; sourceTree = "<group>"; };
		1982F0841B4EC91700DB8661 /* CityListViewController.h */ = {isa = PBXFileReference; fileEncoding = 4; lastKnownFileType = sourcecode.c.h; name = CityListViewController.h; path = Home/CityListViewController.h; sourceTree = "<group>"; };
		1982F0851B4EC91700DB8661 /* CityListViewController.m */ = {isa = PBXFileReference; fileEncoding = 4; lastKnownFileType = sourcecode.c.objc; name = CityListViewController.m; path = Home/CityListViewController.m; sourceTree = "<group>"; };
		1982F08E1B4EC9D900DB8661 /* CityListViewController.xib */ = {isa = PBXFileReference; fileEncoding = 4; lastKnownFileType = file.xib; name = CityListViewController.xib; path = Home/CityListViewController.xib; sourceTree = "<group>"; };
		1982F0981B4F4D6900DB8661 /* ChooseCityHeadView.xib */ = {isa = PBXFileReference; fileEncoding = 4; lastKnownFileType = file.xib; path = ChooseCityHeadView.xib; sourceTree = "<group>"; };
		1982F09A1B4F4DC900DB8661 /* ChooseCityHeadView.h */ = {isa = PBXFileReference; fileEncoding = 4; lastKnownFileType = sourcecode.c.h; path = ChooseCityHeadView.h; sourceTree = "<group>"; };
		1982F09B1B4F4DC900DB8661 /* ChooseCityHeadView.m */ = {isa = PBXFileReference; fileEncoding = 4; lastKnownFileType = sourcecode.c.objc; path = ChooseCityHeadView.m; sourceTree = "<group>"; };
		198E606C1B4A6FFA00FBC7E8 /* SearchViewController.h */ = {isa = PBXFileReference; fileEncoding = 4; lastKnownFileType = sourcecode.c.h; name = SearchViewController.h; path = Home/SearchViewController.h; sourceTree = "<group>"; };
		198E606D1B4A6FFA00FBC7E8 /* SearchViewController.m */ = {isa = PBXFileReference; fileEncoding = 4; lastKnownFileType = sourcecode.c.objc; name = SearchViewController.m; path = Home/SearchViewController.m; sourceTree = "<group>"; };
		198E606E1B4A6FFA00FBC7E8 /* SearchViewController.xib */ = {isa = PBXFileReference; fileEncoding = 4; lastKnownFileType = file.xib; name = SearchViewController.xib; path = Home/SearchViewController.xib; sourceTree = "<group>"; };
		198E60831B4AA8F600FBC7E8 /* AdScrollView.h */ = {isa = PBXFileReference; fileEncoding = 4; lastKnownFileType = sourcecode.c.h; path = AdScrollView.h; sourceTree = "<group>"; };
		198E60841B4AA8F600FBC7E8 /* AdScrollView.m */ = {isa = PBXFileReference; fileEncoding = 4; lastKnownFileType = sourcecode.c.objc; path = AdScrollView.m; sourceTree = "<group>"; };
		19AC52361B497D5900F81759 /* CZCAPIService.h */ = {isa = PBXFileReference; fileEncoding = 4; lastKnownFileType = sourcecode.c.h; name = CZCAPIService.h; path = Public/CZCAPIService.h; sourceTree = "<group>"; };
		19AC52371B497D5900F81759 /* CZCAPIService.m */ = {isa = PBXFileReference; fileEncoding = 4; lastKnownFileType = sourcecode.c.objc; name = CZCAPIService.m; path = Public/CZCAPIService.m; sourceTree = "<group>"; };
		19BB14B71B4CF693000445D2 /* SvGridView.h */ = {isa = PBXFileReference; fileEncoding = 4; lastKnownFileType = sourcecode.c.h; name = SvGridView.h; path = Public/SvGridView.h; sourceTree = "<group>"; };
		19BB14B81B4CF693000445D2 /* SvGridView.m */ = {isa = PBXFileReference; fileEncoding = 4; lastKnownFileType = sourcecode.c.objc; name = SvGridView.m; path = Public/SvGridView.m; sourceTree = "<group>"; };
		19C8E55E1B4D1B17007F6C5A /* PublicObject.h */ = {isa = PBXFileReference; fileEncoding = 4; lastKnownFileType = sourcecode.c.h; name = PublicObject.h; path = Public/PublicObject.h; sourceTree = "<group>"; };
		19C8E55F1B4D1B17007F6C5A /* PublicObject.m */ = {isa = PBXFileReference; fileEncoding = 4; lastKnownFileType = sourcecode.c.objc; name = PublicObject.m; path = Public/PublicObject.m; sourceTree = "<group>"; };
		19D587801B48C79000D65B43 /* CZC-PrefixHeader.pch */ = {isa = PBXFileReference; lastKnownFileType = sourcecode.c.h; path = "CZC-PrefixHeader.pch"; sourceTree = "<group>"; };
		19D587BA1B48D1A600D65B43 /* Key.h */ = {isa = PBXFileReference; lastKnownFileType = sourcecode.c.h; name = Key.h; path = Public/Key.h; sourceTree = "<group>"; };
		19D587BD1B48D63100D65B43 /* Images.xcassets */ = {isa = PBXFileReference; lastKnownFileType = folder.assetcatalog; path = Images.xcassets; sourceTree = "<group>"; };
		75C1A45BE9E6453E94B11C9F /* Pods.xcconfig */ = {isa = PBXFileReference; includeInIndex = 1; lastKnownFileType = text.xcconfig; name = Pods.xcconfig; path = Pods/Pods.xcconfig; sourceTree = "<group>"; };
		A72C08894D95434494E8BD85 /* libPods.a */ = {isa = PBXFileReference; explicitFileType = archive.ar; includeInIndex = 0; path = libPods.a; sourceTree = BUILT_PRODUCTS_DIR; };
/* End PBXFileReference section */

/* Begin PBXFrameworksBuildPhase section */
		192768D11B48442F00B86141 /* Frameworks */ = {
			isa = PBXFrameworksBuildPhase;
			buildActionMask = 2147483647;
			files = (
				5020FA559EC64E728853C5AE /* libPods.a in Frameworks */,
			);
			runOnlyForDeploymentPostprocessing = 0;
		};
		192768EA1B48442F00B86141 /* Frameworks */ = {
			isa = PBXFrameworksBuildPhase;
			buildActionMask = 2147483647;
			files = (
			);
			runOnlyForDeploymentPostprocessing = 0;
		};
/* End PBXFrameworksBuildPhase section */

/* Begin PBXGroup section */
		12CDF14690CD4CBC89A289D6 /* Frameworks */ = {
			isa = PBXGroup;
			children = (
				A72C08894D95434494E8BD85 /* libPods.a */,
			);
			name = Frameworks;
			sourceTree = "<group>";
		};
		187BB7781B4D56C800202B19 /* AutoScrollView */ = {
			isa = PBXGroup;
			children = (
				187BB7791B4D56C800202B19 /* AutoScrollView.h */,
				187BB77A1B4D56C800202B19 /* AutoScrollView.m */,
			);
			path = AutoScrollView;
			sourceTree = "<group>";
		};
		187BB7861B4D571C00202B19 /* User */ = {
			isa = PBXGroup;
			children = (
				187BB7871B4D571C00202B19 /* ForgetPWViewController.h */,
				187BB7881B4D571C00202B19 /* ForgetPWViewController.m */,
				187BB7891B4D571C00202B19 /* ForgetPWViewController.xib */,
				187BB78A1B4D571C00202B19 /* LoginViewController.h */,
				187BB78B1B4D571C00202B19 /* LoginViewController.m */,
				187BB78C1B4D571C00202B19 /* LoginViewController.xib */,
				187BB78D1B4D571C00202B19 /* ProvisionViewController.h */,
				187BB78E1B4D571C00202B19 /* ProvisionViewController.m */,
				187BB78F1B4D571C00202B19 /* ProvisionViewController.xib */,
				187BB7901B4D571C00202B19 /* RegisterViewController.h */,
				187BB7911B4D571C00202B19 /* RegisterViewController.m */,
				187BB7921B4D571C00202B19 /* RegisterViewController.xib */,
				187BB7931B4D571C00202B19 /* serviceTerm.html */,
				187BB79A1B4D571C00202B19 /* SetViewController.h */,
				187BB79B1B4D571C00202B19 /* SetViewController.m */,
				187BB79C1B4D571C00202B19 /* SetViewController.xib */,
			);
			path = User;
			sourceTree = "<group>";
		};
		19054FC31B4A08B5002DDC21 /* Home */ = {
			isa = PBXGroup;
			children = (
				1982F0841B4EC91700DB8661 /* CityListViewController.h */,
				1982F0851B4EC91700DB8661 /* CityListViewController.m */,
				1982F08E1B4EC9D900DB8661 /* CityListViewController.xib */,
				19054FC41B4A08DC002DDC21 /* HomeViewController.h */,
				19054FC51B4A08DC002DDC21 /* HomeViewController.m */,
				19054FC61B4A08DC002DDC21 /* HomeViewController.xib */,
				198E606C1B4A6FFA00FBC7E8 /* SearchViewController.h */,
				198E606D1B4A6FFA00FBC7E8 /* SearchViewController.m */,
				198E606E1B4A6FFA00FBC7E8 /* SearchViewController.xib */,
			);
			name = Home;
			sourceTree = "<group>";
		};
		1918DE571B498CB400BBEB41 /* Object */ = {
			isa = PBXGroup;
			children = (
			);
			name = Object;
			sourceTree = "<group>";
		};
		1918DE6B1B4995B500BBEB41 /* Main */ = {
			isa = PBXGroup;
			children = (
				1918DE6C1B49967600BBEB41 /* MainViewController.h */,
				1918DE6D1B49967600BBEB41 /* MainViewController.m */,
			);
			name = Main;
			sourceTree = "<group>";
		};
		192768CB1B48442F00B86141 = {
			isa = PBXGroup;
			children = (
				192768D61B48442F00B86141 /* CZC */,
				192768F01B48442F00B86141 /* CZCTests */,
				192768D51B48442F00B86141 /* Products */,
				75C1A45BE9E6453E94B11C9F /* Pods.xcconfig */,
				12CDF14690CD4CBC89A289D6 /* Frameworks */,
			);
			sourceTree = "<group>";
		};
		192768D51B48442F00B86141 /* Products */ = {
			isa = PBXGroup;
			children = (
				192768D41B48442F00B86141 /* CZC.app */,
				192768ED1B48442F00B86141 /* CZCTests.xctest */,
			);
			name = Products;
			sourceTree = "<group>";
		};
		192768D61B48442F00B86141 /* CZC */ = {
			isa = PBXGroup;
			children = (
				187BB7861B4D571C00202B19 /* User */,
				19D587B91B48D17300D65B43 /* Public */,
				1918DE571B498CB400BBEB41 /* Object */,
				198E60821B4AA8F600FBC7E8 /* Views */,
				1918DE6B1B4995B500BBEB41 /* Main */,
				19054FC31B4A08B5002DDC21 /* Home */,
				192768DB1B48442F00B86141 /* AppDelegate.h */,
				192768DC1B48442F00B86141 /* AppDelegate.m */,
				192768E61B48442F00B86141 /* LaunchScreen.xib */,
				19D587BD1B48D63100D65B43 /* Images.xcassets */,
				192768D71B48442F00B86141 /* Supporting Files */,
				19D587801B48C79000D65B43 /* CZC-PrefixHeader.pch */,
			);
			path = CZC;
			sourceTree = "<group>";
		};
		192768D71B48442F00B86141 /* Supporting Files */ = {
			isa = PBXGroup;
			children = (
				1982F07F1B4EC8AA00DB8661 /* citydict.plist */,
				192768D81B48442F00B86141 /* Info.plist */,
				192768D91B48442F00B86141 /* main.m */,
			);
			name = "Supporting Files";
			sourceTree = "<group>";
		};
		192768F01B48442F00B86141 /* CZCTests */ = {
			isa = PBXGroup;
			children = (
				192768F31B48442F00B86141 /* CZCTests.m */,
				192768F11B48442F00B86141 /* Supporting Files */,
			);
			path = CZCTests;
			sourceTree = "<group>";
		};
		192768F11B48442F00B86141 /* Supporting Files */ = {
			isa = PBXGroup;
			children = (
				192768F21B48442F00B86141 /* Info.plist */,
			);
			name = "Supporting Files";
			sourceTree = "<group>";
		};
		198E60821B4AA8F600FBC7E8 /* Views */ = {
			isa = PBXGroup;
			children = (
				187BB77C1B4D56EA00202B19 /* SetTitleTableViewCell.h */,
				187BB77D1B4D56EA00202B19 /* SetTitleTableViewCell.m */,
				187BB77E1B4D56EA00202B19 /* SetTitleTableViewCell.xib */,
				187BB77F1B4D56EA00202B19 /* SetUpTableViewCell.h */,
				187BB7801B4D56EA00202B19 /* SetUpTableViewCell.m */,
				187BB7811B4D56EA00202B19 /* SetUpTableViewCell.xib */,
				198E60831B4AA8F600FBC7E8 /* AdScrollView.h */,
				198E60841B4AA8F600FBC7E8 /* AdScrollView.m */,
				196044341B4B788400989481 /* HomeViewCell.h */,
				196044351B4B788400989481 /* HomeViewCell.m */,
				196044361B4B788400989481 /* HomeViewCell.xib */,
				1982F0771B4DFB3700DB8661 /* HundredYuanCell.h */,
				1982F0781B4DFB3700DB8661 /* HundredYuanCell.m */,
				1982F0791B4DFB3700DB8661 /* HundredYuanCell.xib */,
				1982F07C1B4E739000DB8661 /* HomeViewButton.h */,
				1982F07D1B4E739000DB8661 /* HomeViewButton.m */,
				1982F0981B4F4D6900DB8661 /* ChooseCityHeadView.xib */,
				1982F09A1B4F4DC900DB8661 /* ChooseCityHeadView.h */,
				1982F09B1B4F4DC900DB8661 /* ChooseCityHeadView.m */,
			);
			path = Views;
			sourceTree = "<group>";
		};
		19D587B91B48D17300D65B43 /* Public */ = {
			isa = PBXGroup;
			children = (
				187BB7781B4D56C800202B19 /* AutoScrollView */,
				19D587BA1B48D1A600D65B43 /* Key.h */,
				19AC52361B497D5900F81759 /* CZCAPIService.h */,
				19AC52371B497D5900F81759 /* CZCAPIService.m */,
				1918DE511B4989DF00BBEB41 /* RefreshLocation.h */,
				1918DE521B4989DF00BBEB41 /* RefreshLocation.m */,
				1918DE531B4989DF00BBEB41 /* WGS84TOGCJ02.h */,
				1918DE541B4989DF00BBEB41 /* WGS84TOGCJ02.m */,
				19BB14B71B4CF693000445D2 /* SvGridView.h */,
				19BB14B81B4CF693000445D2 /* SvGridView.m */,
				19C8E55E1B4D1B17007F6C5A /* PublicObject.h */,
				19C8E55F1B4D1B17007F6C5A /* PublicObject.m */,
			);
			name = Public;
			sourceTree = "<group>";
		};
/* End PBXGroup section */

/* Begin PBXNativeTarget section */
		192768D31B48442F00B86141 /* CZC */ = {
			isa = PBXNativeTarget;
			buildConfigurationList = 192768F71B48442F00B86141 /* Build configuration list for PBXNativeTarget "CZC" */;
			buildPhases = (
				D6CD5418307F45D8912ABFD7 /* Check Pods Manifest.lock */,
				192768D01B48442F00B86141 /* Sources */,
				192768D11B48442F00B86141 /* Frameworks */,
				192768D21B48442F00B86141 /* Resources */,
				C50B54376E4F4CC1B25C8F16 /* Copy Pods Resources */,
			);
			buildRules = (
			);
			dependencies = (
			);
			name = CZC;
			productName = CZC;
			productReference = 192768D41B48442F00B86141 /* CZC.app */;
			productType = "com.apple.product-type.application";
		};
		192768EC1B48442F00B86141 /* CZCTests */ = {
			isa = PBXNativeTarget;
			buildConfigurationList = 192768FA1B48442F00B86141 /* Build configuration list for PBXNativeTarget "CZCTests" */;
			buildPhases = (
				192768E91B48442F00B86141 /* Sources */,
				192768EA1B48442F00B86141 /* Frameworks */,
				192768EB1B48442F00B86141 /* Resources */,
			);
			buildRules = (
			);
			dependencies = (
				192768EF1B48442F00B86141 /* PBXTargetDependency */,
			);
			name = CZCTests;
			productName = CZCTests;
			productReference = 192768ED1B48442F00B86141 /* CZCTests.xctest */;
			productType = "com.apple.product-type.bundle.unit-test";
		};
/* End PBXNativeTarget section */

/* Begin PBXProject section */
		192768CC1B48442F00B86141 /* Project object */ = {
			isa = PBXProject;
			attributes = {
				LastUpgradeCheck = 0640;
				ORGANIZATIONNAME = "周德艺";
				TargetAttributes = {
					192768D31B48442F00B86141 = {
						CreatedOnToolsVersion = 6.4;
					};
					192768EC1B48442F00B86141 = {
						CreatedOnToolsVersion = 6.4;
						TestTargetID = 192768D31B48442F00B86141;
					};
				};
			};
			buildConfigurationList = 192768CF1B48442F00B86141 /* Build configuration list for PBXProject "CZC" */;
			compatibilityVersion = "Xcode 3.2";
			developmentRegion = English;
			hasScannedForEncodings = 0;
			knownRegions = (
				en,
				Base,
			);
			mainGroup = 192768CB1B48442F00B86141;
			productRefGroup = 192768D51B48442F00B86141 /* Products */;
			projectDirPath = "";
			projectRoot = "";
			targets = (
				192768D31B48442F00B86141 /* CZC */,
				192768EC1B48442F00B86141 /* CZCTests */,
			);
		};
/* End PBXProject section */

/* Begin PBXResourcesBuildPhase section */
		192768D21B48442F00B86141 /* Resources */ = {
			isa = PBXResourcesBuildPhase;
			buildActionMask = 2147483647;
			files = (
				187BB7A01B4D571C00202B19 /* LoginViewController.xib in Resources */,
				187BB7A51B4D571C00202B19 /* serviceTerm.html in Resources */,
				187BB7A41B4D571C00202B19 /* RegisterViewController.xib in Resources */,
				19D587BE1B48D63100D65B43 /* Images.xcassets in Resources */,
				1982F07B1B4DFB3700DB8661 /* HundredYuanCell.xib in Resources */,
				187BB7851B4D56EA00202B19 /* SetUpTableViewCell.xib in Resources */,
				187BB7AB1B4D571C00202B19 /* SetViewController.xib in Resources */,
				192768E81B48442F00B86141 /* LaunchScreen.xib in Resources */,
				198E60701B4A6FFA00FBC7E8 /* SearchViewController.xib in Resources */,
				196044381B4B788400989481 /* HomeViewCell.xib in Resources */,
				1982F0991B4F4D6900DB8661 /* ChooseCityHeadView.xib in Resources */,
				1982F0821B4EC8AA00DB8661 /* citydict.plist in Resources */,
				187BB79E1B4D571C00202B19 /* ForgetPWViewController.xib in Resources */,
				187BB7831B4D56EA00202B19 /* SetTitleTableViewCell.xib in Resources */,
				19054FC81B4A08DC002DDC21 /* HomeViewController.xib in Resources */,
				187BB7A21B4D571C00202B19 /* ProvisionViewController.xib in Resources */,
				1982F0901B4EC9D900DB8661 /* CityListViewController.xib in Resources */,
			);
			runOnlyForDeploymentPostprocessing = 0;
		};
		192768EB1B48442F00B86141 /* Resources */ = {
			isa = PBXResourcesBuildPhase;
			buildActionMask = 2147483647;
			files = (
			);
			runOnlyForDeploymentPostprocessing = 0;
		};
/* End PBXResourcesBuildPhase section */

/* Begin PBXShellScriptBuildPhase section */
		C50B54376E4F4CC1B25C8F16 /* Copy Pods Resources */ = {
			isa = PBXShellScriptBuildPhase;
			buildActionMask = 2147483647;
			files = (
			);
			inputPaths = (
			);
			name = "Copy Pods Resources";
			outputPaths = (
			);
			runOnlyForDeploymentPostprocessing = 0;
			shellPath = /bin/sh;
			shellScript = "\"${SRCROOT}/Pods/Pods-resources.sh\"\n";
			showEnvVarsInLog = 0;
		};
		D6CD5418307F45D8912ABFD7 /* Check Pods Manifest.lock */ = {
			isa = PBXShellScriptBuildPhase;
			buildActionMask = 2147483647;
			files = (
			);
			inputPaths = (
			);
			name = "Check Pods Manifest.lock";
			outputPaths = (
			);
			runOnlyForDeploymentPostprocessing = 0;
			shellPath = /bin/sh;
			shellScript = "diff \"${PODS_ROOT}/../Podfile.lock\" \"${PODS_ROOT}/Manifest.lock\" > /dev/null\nif [[ $? != 0 ]] ; then\n    cat << EOM\nerror: The sandbox is not in sync with the Podfile.lock. Run 'pod install' or update your CocoaPods installation.\nEOM\n    exit 1\nfi\n";
			showEnvVarsInLog = 0;
		};
/* End PBXShellScriptBuildPhase section */

/* Begin PBXSourcesBuildPhase section */
		192768D01B48442F00B86141 /* Sources */ = {
			isa = PBXSourcesBuildPhase;
			buildActionMask = 2147483647;
			files = (
				1982F0741B4D8B8D00DB8661 /* WGS84TOGCJ02.m in Sources */,
				1982F07A1B4DFB3700DB8661 /* HundredYuanCell.m in Sources */,
				1982F0751B4D8B8D00DB8661 /* AdScrollView.m in Sources */,
				1982F0761B4D8B8D00DB8661 /* MainViewController.m in Sources */,
				19BB14B91B4CF693000445D2 /* SvGridView.m in Sources */,
				196044371B4B788400989481 /* HomeViewCell.m in Sources */,
				1982F09C1B4F4DC900DB8661 /* ChooseCityHeadView.m in Sources */,
				187BB77B1B4D56C800202B19 /* AutoScrollView.m in Sources */,
				187BB79F1B4D571C00202B19 /* LoginViewController.m in Sources */,
				187BB79D1B4D571C00202B19 /* ForgetPWViewController.m in Sources */,
				1982F07E1B4E739000DB8661 /* HomeViewButton.m in Sources */,
				192768DD1B48442F00B86141 /* AppDelegate.m in Sources */,
				187BB7A31B4D571C00202B19 /* RegisterViewController.m in Sources */,
				1982F0861B4EC91700DB8661 /* CityListViewController.m in Sources */,
				19AC52381B497D5900F81759 /* CZCAPIService.m in Sources */,
				19C8E5601B4D1B17007F6C5A /* PublicObject.m in Sources */,
				192768DA1B48442F00B86141 /* main.m in Sources */,
				187BB7841B4D56EA00202B19 /* SetUpTableViewCell.m in Sources */,
				19054FC71B4A08DC002DDC21 /* HomeViewController.m in Sources */,
				187BB7AA1B4D571C00202B19 /* SetViewController.m in Sources */,
				187BB7A11B4D571C00202B19 /* ProvisionViewController.m in Sources */,
				198E606F1B4A6FFA00FBC7E8 /* SearchViewController.m in Sources */,
				187BB7821B4D56EA00202B19 /* SetTitleTableViewCell.m in Sources */,
				1918DE551B4989DF00BBEB41 /* RefreshLocation.m in Sources */,
			);
			runOnlyForDeploymentPostprocessing = 0;
		};
		192768E91B48442F00B86141 /* Sources */ = {
			isa = PBXSourcesBuildPhase;
			buildActionMask = 2147483647;
			files = (
				192768F41B48442F00B86141 /* CZCTests.m in Sources */,
			);
			runOnlyForDeploymentPostprocessing = 0;
		};
/* End PBXSourcesBuildPhase section */

/* Begin PBXTargetDependency section */
		192768EF1B48442F00B86141 /* PBXTargetDependency */ = {
			isa = PBXTargetDependency;
			target = 192768D31B48442F00B86141 /* CZC */;
			targetProxy = 192768EE1B48442F00B86141 /* PBXContainerItemProxy */;
		};
/* End PBXTargetDependency section */

/* Begin PBXVariantGroup section */
		192768E61B48442F00B86141 /* LaunchScreen.xib */ = {
			isa = PBXVariantGroup;
			children = (
				192768E71B48442F00B86141 /* Base */,
			);
			name = LaunchScreen.xib;
			sourceTree = "<group>";
		};
/* End PBXVariantGroup section */

/* Begin XCBuildConfiguration section */
		192768F51B48442F00B86141 /* Debug */ = {
			isa = XCBuildConfiguration;
			buildSettings = {
				ALWAYS_SEARCH_USER_PATHS = NO;
				CLANG_CXX_LANGUAGE_STANDARD = "gnu++0x";
				CLANG_CXX_LIBRARY = "libc++";
				CLANG_ENABLE_MODULES = YES;
				CLANG_ENABLE_OBJC_ARC = YES;
				CLANG_WARN_BOOL_CONVERSION = YES;
				CLANG_WARN_CONSTANT_CONVERSION = YES;
				CLANG_WARN_DIRECT_OBJC_ISA_USAGE = YES_ERROR;
				CLANG_WARN_EMPTY_BODY = YES;
				CLANG_WARN_ENUM_CONVERSION = YES;
				CLANG_WARN_INT_CONVERSION = YES;
				CLANG_WARN_OBJC_ROOT_CLASS = YES_ERROR;
				CLANG_WARN_UNREACHABLE_CODE = YES;
				CLANG_WARN__DUPLICATE_METHOD_MATCH = YES;
				"CODE_SIGN_IDENTITY[sdk=iphoneos*]" = "iPhone Developer";
				COPY_PHASE_STRIP = NO;
				DEBUG_INFORMATION_FORMAT = "dwarf-with-dsym";
				ENABLE_STRICT_OBJC_MSGSEND = YES;
				GCC_C_LANGUAGE_STANDARD = gnu99;
				GCC_DYNAMIC_NO_PIC = NO;
				GCC_NO_COMMON_BLOCKS = YES;
				GCC_OPTIMIZATION_LEVEL = 0;
				GCC_PREFIX_HEADER = "";
				GCC_PREPROCESSOR_DEFINITIONS = (
					"DEBUG=1",
					"$(inherited)",
				);
				GCC_SYMBOLS_PRIVATE_EXTERN = NO;
				GCC_WARN_64_TO_32_BIT_CONVERSION = YES;
				GCC_WARN_ABOUT_RETURN_TYPE = YES_ERROR;
				GCC_WARN_UNDECLARED_SELECTOR = YES;
				GCC_WARN_UNINITIALIZED_AUTOS = YES_AGGRESSIVE;
				GCC_WARN_UNUSED_FUNCTION = YES;
				GCC_WARN_UNUSED_VARIABLE = YES;
				IPHONEOS_DEPLOYMENT_TARGET = 8.4;
				MTL_ENABLE_DEBUG_INFO = YES;
				ONLY_ACTIVE_ARCH = YES;
				SDKROOT = iphoneos;
			};
			name = Debug;
		};
		192768F61B48442F00B86141 /* Release */ = {
			isa = XCBuildConfiguration;
			buildSettings = {
				ALWAYS_SEARCH_USER_PATHS = NO;
				CLANG_CXX_LANGUAGE_STANDARD = "gnu++0x";
				CLANG_CXX_LIBRARY = "libc++";
				CLANG_ENABLE_MODULES = YES;
				CLANG_ENABLE_OBJC_ARC = YES;
				CLANG_WARN_BOOL_CONVERSION = YES;
				CLANG_WARN_CONSTANT_CONVERSION = YES;
				CLANG_WARN_DIRECT_OBJC_ISA_USAGE = YES_ERROR;
				CLANG_WARN_EMPTY_BODY = YES;
				CLANG_WARN_ENUM_CONVERSION = YES;
				CLANG_WARN_INT_CONVERSION = YES;
				CLANG_WARN_OBJC_ROOT_CLASS = YES_ERROR;
				CLANG_WARN_UNREACHABLE_CODE = YES;
				CLANG_WARN__DUPLICATE_METHOD_MATCH = YES;
				"CODE_SIGN_IDENTITY[sdk=iphoneos*]" = "iPhone Developer";
				COPY_PHASE_STRIP = NO;
				DEBUG_INFORMATION_FORMAT = "dwarf-with-dsym";
				ENABLE_NS_ASSERTIONS = NO;
				ENABLE_STRICT_OBJC_MSGSEND = YES;
				GCC_C_LANGUAGE_STANDARD = gnu99;
				GCC_NO_COMMON_BLOCKS = YES;
				GCC_PREFIX_HEADER = "";
				GCC_WARN_64_TO_32_BIT_CONVERSION = YES;
				GCC_WARN_ABOUT_RETURN_TYPE = YES_ERROR;
				GCC_WARN_UNDECLARED_SELECTOR = YES;
				GCC_WARN_UNINITIALIZED_AUTOS = YES_AGGRESSIVE;
				GCC_WARN_UNUSED_FUNCTION = YES;
				GCC_WARN_UNUSED_VARIABLE = YES;
				IPHONEOS_DEPLOYMENT_TARGET = 8.4;
				MTL_ENABLE_DEBUG_INFO = NO;
				SDKROOT = iphoneos;
				VALIDATE_PRODUCT = YES;
			};
			name = Release;
		};
		192768F81B48442F00B86141 /* Debug */ = {
			isa = XCBuildConfiguration;
			baseConfigurationReference = 75C1A45BE9E6453E94B11C9F /* Pods.xcconfig */;
			buildSettings = {
				ASSETCATALOG_COMPILER_APPICON_NAME = AppIcon;
				ASSETCATALOG_COMPILER_LAUNCHIMAGE_NAME = LaunchImage;
				GCC_PRECOMPILE_PREFIX_HEADER = YES;
				GCC_PREFIX_HEADER = "$(SRCROOT)/CZC/CZC-PrefixHeader.pch";
				INFOPLIST_FILE = CZC/Info.plist;
				IPHONEOS_DEPLOYMENT_TARGET = 7.1;
				LD_RUNPATH_SEARCH_PATHS = "$(inherited) @executable_path/Frameworks";
				LIBRARY_SEARCH_PATHS = (
					"$(inherited)",
					"$(PROJECT_DIR)/Pods/build/Debug-iphoneos",
				);
				PRODUCT_NAME = "$(TARGET_NAME)";
			};
			name = Debug;
		};
		192768F91B48442F00B86141 /* Release */ = {
			isa = XCBuildConfiguration;
			baseConfigurationReference = 75C1A45BE9E6453E94B11C9F /* Pods.xcconfig */;
			buildSettings = {
				ASSETCATALOG_COMPILER_APPICON_NAME = AppIcon;
				ASSETCATALOG_COMPILER_LAUNCHIMAGE_NAME = LaunchImage;
				GCC_PRECOMPILE_PREFIX_HEADER = YES;
				GCC_PREFIX_HEADER = "$(SRCROOT)/CZC/CZC-PrefixHeader.pch";
				INFOPLIST_FILE = CZC/Info.plist;
				IPHONEOS_DEPLOYMENT_TARGET = 7.1;
				LD_RUNPATH_SEARCH_PATHS = "$(inherited) @executable_path/Frameworks";
				LIBRARY_SEARCH_PATHS = (
					"$(inherited)",
					"$(PROJECT_DIR)/Pods/build/Debug-iphoneos",
				);
				PRODUCT_NAME = "$(TARGET_NAME)";
			};
			name = Release;
		};
		192768FB1B48442F00B86141 /* Debug */ = {
			isa = XCBuildConfiguration;
			buildSettings = {
				BUNDLE_LOADER = "$(TEST_HOST)";
				FRAMEWORK_SEARCH_PATHS = (
					"$(SDKROOT)/Developer/Library/Frameworks",
					"$(inherited)",
				);
				GCC_PREPROCESSOR_DEFINITIONS = (
					"DEBUG=1",
					"$(inherited)",
				);
				INFOPLIST_FILE = CZCTests/Info.plist;
				LD_RUNPATH_SEARCH_PATHS = "$(inherited) @executable_path/Frameworks @loader_path/Frameworks";
				PRODUCT_NAME = "$(TARGET_NAME)";
				TEST_HOST = "$(BUILT_PRODUCTS_DIR)/CZC.app/CZC";
			};
			name = Debug;
		};
		192768FC1B48442F00B86141 /* Release */ = {
			isa = XCBuildConfiguration;
			buildSettings = {
				BUNDLE_LOADER = "$(TEST_HOST)";
				FRAMEWORK_SEARCH_PATHS = (
					"$(SDKROOT)/Developer/Library/Frameworks",
					"$(inherited)",
				);
				INFOPLIST_FILE = CZCTests/Info.plist;
				LD_RUNPATH_SEARCH_PATHS = "$(inherited) @executable_path/Frameworks @loader_path/Frameworks";
				PRODUCT_NAME = "$(TARGET_NAME)";
				TEST_HOST = "$(BUILT_PRODUCTS_DIR)/CZC.app/CZC";
			};
			name = Release;
		};
/* End XCBuildConfiguration section */

/* Begin XCConfigurationList section */
		192768CF1B48442F00B86141 /* Build configuration list for PBXProject "CZC" */ = {
			isa = XCConfigurationList;
			buildConfigurations = (
				192768F51B48442F00B86141 /* Debug */,
				192768F61B48442F00B86141 /* Release */,
			);
			defaultConfigurationIsVisible = 0;
			defaultConfigurationName = Release;
		};
		192768F71B48442F00B86141 /* Build configuration list for PBXNativeTarget "CZC" */ = {
			isa = XCConfigurationList;
			buildConfigurations = (
				192768F81B48442F00B86141 /* Debug */,
				192768F91B48442F00B86141 /* Release */,
			);
			defaultConfigurationIsVisible = 0;
			defaultConfigurationName = Release;
		};
		192768FA1B48442F00B86141 /* Build configuration list for PBXNativeTarget "CZCTests" */ = {
			isa = XCConfigurationList;
			buildConfigurations = (
				192768FB1B48442F00B86141 /* Debug */,
				192768FC1B48442F00B86141 /* Release */,
			);
			defaultConfigurationIsVisible = 0;
			defaultConfigurationName = Release;
		};
/* End XCConfigurationList section */
	};
	rootObject = 192768CC1B48442F00B86141 /* Project object */;
}
